
Microsoft Visual Studio Solution File, Format Version 12.00
# Visual Studio Version 17
VisualStudioVersion = 17.8.34322.80
MinimumVisualStudioVersion = 10.0.40219.1
Project("{FAE04EC0-301F-11D3-BF4B-00C04F79EFBC}") = "linkusBot", "linkusBot\linkusBot.csproj", "{CB523A61-D78C-43E0-A879-5FC995A1FC27}"
EndProject
Global
	GlobalSection(SolutionConfigurationPlatforms) = preSolution
		Debug|Any CPU = Debug|Any CPU
		Release|Any CPU = Release|Any CPU
	EndGlobalSection
	GlobalSection(ProjectConfigurationPlatforms) = postSolution
		{CB523A61-D78C-43E0-A879-5FC995A1FC27}.Debug|Any CPU.ActiveCfg = Debug|Any CPU
		{CB523A61-D78C-43E0-A879-5FC995A1FC27}.Debug|Any CPU.Build.0 = Debug|Any CPU
		{CB523A61-D78C-43E0-A879-5FC995A1FC27}.Release|Any CPU.ActiveCfg = Release|Any CPU
		{CB523A61-D78C-43E0-A879-5FC995A1FC27}.Release|Any CPU.Build.0 = Release|Any CPU
	EndGlobalSection
	GlobalSection(SolutionProperties) = preSolution
		HideSolutionNode = FALSE
	EndGlobalSection
	GlobalSection(ExtensibilityGlobals) = postSolution
		SolutionGuid = {6BAEDF88-7229-4070-94D9-F08B18D61528}
	EndGlobalSection
EndGlobal
